
Microsoft Visual Studio Solution File, Format Version 12.00
# Visual Studio Version 17
VisualStudioVersion = 17.9.34723.18
MinimumVisualStudioVersion = 10.0.40219.1
Project("{FAE04EC0-301F-11D3-BF4B-00C04F79EFBC}") = "GradesMethod", "GradesMethod.csproj", "{5B0FD568-79E0-4F52-898A-52DF288AC265}"
EndProject
Global
	GlobalSection(SolutionConfigurationPlatforms) = preSolution
		Debug|Any CPU = Debug|Any CPU
		Release|Any CPU = Release|Any CPU
	EndGlobalSection
	GlobalSection(ProjectConfigurationPlatforms) = postSolution
		{5B0FD568-79E0-4F52-898A-52DF288AC265}.Debug|Any CPU.ActiveCfg = Debug|Any CPU
		{5B0FD568-79E0-4F52-898A-52DF288AC265}.Debug|Any CPU.Build.0 = Debug|Any CPU
		{5B0FD568-79E0-4F52-898A-52DF288AC265}.Release|Any CPU.ActiveCfg = Release|Any CPU
		{5B0FD568-79E0-4F52-898A-52DF288AC265}.Release|Any CPU.Build.0 = Release|Any CPU
	EndGlobalSection
	GlobalSection(SolutionProperties) = preSolution
		HideSolutionNode = FALSE
	EndGlobalSection
	GlobalSection(ExtensibilityGlobals) = postSolution
		SolutionGuid = {CCE8FD56-33E7-409B-AC0A-FF9B1914B993}
	EndGlobalSection
EndGlobal
